
Microsoft Visual Studio Solution File, Format Version 12.00
# Visual Studio Version 17
VisualStudioVersion = 17.14.36603.0 d17.14
MinimumVisualStudioVersion = 10.0.40219.1
Project("{FAE04EC0-301F-11D3-BF4B-00C04F79EFBC}") = "OnlineCourse.API", "OnlineCourse.API\OnlineCourse.API.csproj", "{ECECEFDC-B9E5-4677-BC55-6B90F89A104B}"
EndProject
Project("{FAE04EC0-301F-11D3-BF4B-00C04F79EFBC}") = "OnlineCourse.Data", "OnlineCourse.Data\OnlineCourse.Data.csproj", "{97398597-BCFA-49CA-9BD5-66830C20E69D}"
EndProject
Project("{FAE04EC0-301F-11D3-BF4B-00C04F79EFBC}") = "OnlineCourse.Core", "OnlineCourse.Core\OnlineCourse.Core.csproj", "{AFA46578-59C1-4CD4-B29E-F912B6BC8E3A}"
EndProject
Project("{FAE04EC0-301F-11D3-BF4B-00C04F79EFBC}") = "OnlineCourse.Service", "OnlineCourse.Service\OnlineCourse.Service.csproj", "{58685167-3465-4706-98B8-328169A3275A}"
EndProject
Global
	GlobalSection(SolutionConfigurationPlatforms) = preSolution
		Debug|Any CPU = Debug|Any CPU
		Release|Any CPU = Release|Any CPU
	EndGlobalSection
	GlobalSection(ProjectConfigurationPlatforms) = postSolution
		{ECECEFDC-B9E5-4677-BC55-6B90F89A104B}.Debug|Any CPU.ActiveCfg = Debug|Any CPU
		{ECECEFDC-B9E5-4677-BC55-6B90F89A104B}.Debug|Any CPU.Build.0 = Debug|Any CPU
		{ECECEFDC-B9E5-4677-BC55-6B90F89A104B}.Release|Any CPU.ActiveCfg = Release|Any CPU
		{ECECEFDC-B9E5-4677-BC55-6B90F89A104B}.Release|Any CPU.Build.0 = Release|Any CPU
		{97398597-BCFA-49CA-9BD5-66830C20E69D}.Debug|Any CPU.ActiveCfg = Debug|Any CPU
		{97398597-BCFA-49CA-9BD5-66830C20E69D}.Debug|Any CPU.Build.0 = Debug|Any CPU
		{97398597-BCFA-49CA-9BD5-66830C20E69D}.Release|Any CPU.ActiveCfg = Release|Any CPU
		{97398597-BCFA-49CA-9BD5-66830C20E69D}.Release|Any CPU.Build.0 = Release|Any CPU
		{AFA46578-59C1-4CD4-B29E-F912B6BC8E3A}.Debug|Any CPU.ActiveCfg = Debug|Any CPU
		{AFA46578-59C1-4CD4-B29E-F912B6BC8E3A}.Debug|Any CPU.Build.0 = Debug|Any CPU
		{AFA46578-59C1-4CD4-B29E-F912B6BC8E3A}.Release|Any CPU.ActiveCfg = Release|Any CPU
		{AFA46578-59C1-4CD4-B29E-F912B6BC8E3A}.Release|Any CPU.Build.0 = Release|Any CPU
		{58685167-3465-4706-98B8-328169A3275A}.Debug|Any CPU.ActiveCfg = Debug|Any CPU
		{58685167-3465-4706-98B8-328169A3275A}.Debug|Any CPU.Build.0 = Debug|Any CPU
		{58685167-3465-4706-98B8-328169A3275A}.Release|Any CPU.ActiveCfg = Release|Any CPU
		{58685167-3465-4706-98B8-328169A3275A}.Release|Any CPU.Build.0 = Release|Any CPU
	EndGlobalSection
	GlobalSection(SolutionProperties) = preSolution
		HideSolutionNode = FALSE
	EndGlobalSection
	GlobalSection(ExtensibilityGlobals) = postSolution
		SolutionGuid = {BF3D28B9-F962-4908-B305-B4B284BCE59C}
	EndGlobalSection
EndGlobal
